// !$*UTF8*$!
{
	archiveVersion = 1;
	classes = {
	};
	objectVersion = 50;
	objects = {

/* Begin PBXBuildFile section */
		B842BFF668805F9EBDFDEE09 /* Pods_Trevin_Test_Project.framework in Frameworks */ = {isa = PBXBuildFile; fileRef = 510525829AA2F70A02916FEB /* Pods_Trevin_Test_Project.framework */; };
		C3A1CC945625231F94C70FA2 /* Pods_Trevin_Test_ProjectTests.framework in Frameworks */ = {isa = PBXBuildFile; fileRef = DDF66A79D66252F6E022FD4D /* Pods_Trevin_Test_ProjectTests.framework */; };
		DD10F7AF21B7797200C20906 /* SearchViewController.swift in Sources */ = {isa = PBXBuildFile; fileRef = DD10F7AE21B7797200C20906 /* SearchViewController.swift */; };
		DD10F7B121B78C1B00C20906 /* MovieDetailView.swift in Sources */ = {isa = PBXBuildFile; fileRef = DD10F7B021B78C1B00C20906 /* MovieDetailView.swift */; };
		DD2BE89621B6952F00B74C28 /* AppDelegate.swift in Sources */ = {isa = PBXBuildFile; fileRef = DD2BE89521B6952F00B74C28 /* AppDelegate.swift */; };
		DD2BE89D21B6953200B74C28 /* Assets.xcassets in Resources */ = {isa = PBXBuildFile; fileRef = DD2BE89C21B6953200B74C28 /* Assets.xcassets */; };
		DD2BE8A021B6953200B74C28 /* LaunchScreen.storyboard in Resources */ = {isa = PBXBuildFile; fileRef = DD2BE89E21B6953200B74C28 /* LaunchScreen.storyboard */; };
		DD2BE8AB21B6953200B74C28 /* Trevin_Test_ProjectTests.swift in Sources */ = {isa = PBXBuildFile; fileRef = DD2BE8AA21B6953200B74C28 /* Trevin_Test_ProjectTests.swift */; };
		DD2BE8C421B6A1DE00B74C28 /* MoviesViewController.swift in Sources */ = {isa = PBXBuildFile; fileRef = DD2BE8C321B6A1DE00B74C28 /* MoviesViewController.swift */; };
		DD2BE8C721B6A22300B74C28 /* MovieViewModel.swift in Sources */ = {isa = PBXBuildFile; fileRef = DD2BE8C621B6A22300B74C28 /* MovieViewModel.swift */; };
		DD2BE8CA21B6B02B00B74C28 /* Router.swift in Sources */ = {isa = PBXBuildFile; fileRef = DD2BE8C921B6B02B00B74C28 /* Router.swift */; };
		DD2BE8CD21B6C5E900B74C28 /* MovieDetailViewController.swift in Sources */ = {isa = PBXBuildFile; fileRef = DD2BE8CC21B6C5E900B74C28 /* MovieDetailViewController.swift */; };
		DD2BE8CF21B6C60C00B74C28 /* MovieCell.swift in Sources */ = {isa = PBXBuildFile; fileRef = DD2BE8CE21B6C60C00B74C28 /* MovieCell.swift */; };
		DD2BE8D221B6CDE000B74C28 /* UIViewExtensions.swift in Sources */ = {isa = PBXBuildFile; fileRef = DD2BE8D121B6CDE000B74C28 /* UIViewExtensions.swift */; };
		DD2BE8D521B6CE4D00B74C28 /* UIEdgeInsetsExtensions.swift in Sources */ = {isa = PBXBuildFile; fileRef = DD2BE8D421B6CE4D00B74C28 /* UIEdgeInsetsExtensions.swift */; };
		DD2BE8D721B6CED100B74C28 /* UICollectionViewExtensions.swift in Sources */ = {isa = PBXBuildFile; fileRef = DD2BE8D621B6CED100B74C28 /* UICollectionViewExtensions.swift */; };
		DD2BE8DB21B73CDA00B74C28 /* NetworkService.swift in Sources */ = {isa = PBXBuildFile; fileRef = DD2BE8DA21B73CD900B74C28 /* NetworkService.swift */; };
		DD2BE8DD21B7417800B74C28 /* Callbacks.swift in Sources */ = {isa = PBXBuildFile; fileRef = DD2BE8DC21B7417800B74C28 /* Callbacks.swift */; };
		DD2BE8E021B74F4700B74C28 /* UIColorExtensions.swift in Sources */ = {isa = PBXBuildFile; fileRef = DD2BE8DF21B74F4700B74C28 /* UIColorExtensions.swift */; };
		DD2BE8E221B7685700B74C28 /* Reachability.swift in Sources */ = {isa = PBXBuildFile; fileRef = DD2BE8E121B7685700B74C28 /* Reachability.swift */; };
/* End PBXBuildFile section */

/* Begin PBXContainerItemProxy section */
		DD2BE8A721B6953200B74C28 /* PBXContainerItemProxy */ = {
			isa = PBXContainerItemProxy;
			containerPortal = DD2BE88A21B6952F00B74C28 /* Project object */;
			proxyType = 1;
			remoteGlobalIDString = DD2BE89121B6952F00B74C28;
			remoteInfo = "Trevin-Test-Project";
		};
		DD2BE8B221B6953200B74C28 /* PBXContainerItemProxy */ = {
			isa = PBXContainerItemProxy;
			containerPortal = DD2BE88A21B6952F00B74C28 /* Project object */;
			proxyType = 1;
			remoteGlobalIDString = DD2BE89121B6952F00B74C28;
			remoteInfo = "Trevin-Test-Project";
		};
/* End PBXContainerItemProxy section */

/* Begin PBXFileReference section */
		386A2F602EB41B3B7704A970 /* Pods-Trevin-Test-ProjectTests.debug.xcconfig */ = {isa = PBXFileReference; includeInIndex = 1; lastKnownFileType = text.xcconfig; name = "Pods-Trevin-Test-ProjectTests.debug.xcconfig"; path = "Pods/Target Support Files/Pods-Trevin-Test-ProjectTests/Pods-Trevin-Test-ProjectTests.debug.xcconfig"; sourceTree = "<group>"; };
		510525829AA2F70A02916FEB /* Pods_Trevin_Test_Project.framework */ = {isa = PBXFileReference; explicitFileType = wrapper.framework; includeInIndex = 0; path = Pods_Trevin_Test_Project.framework; sourceTree = BUILT_PRODUCTS_DIR; };
		8A5F1536D4D31DBBFB4E417A /* Pods-Trevin-Test-ProjectTests.release.xcconfig */ = {isa = PBXFileReference; includeInIndex = 1; lastKnownFileType = text.xcconfig; name = "Pods-Trevin-Test-ProjectTests.release.xcconfig"; path = "Pods/Target Support Files/Pods-Trevin-Test-ProjectTests/Pods-Trevin-Test-ProjectTests.release.xcconfig"; sourceTree = "<group>"; };
		BB16C18B2FB4AE3210EC47AF /* Pods-Trevin-Test-Project.release.xcconfig */ = {isa = PBXFileReference; includeInIndex = 1; lastKnownFileType = text.xcconfig; name = "Pods-Trevin-Test-Project.release.xcconfig"; path = "Pods/Target Support Files/Pods-Trevin-Test-Project/Pods-Trevin-Test-Project.release.xcconfig"; sourceTree = "<group>"; };
		DD10F7AE21B7797200C20906 /* SearchViewController.swift */ = {isa = PBXFileReference; lastKnownFileType = sourcecode.swift; path = SearchViewController.swift; sourceTree = "<group>"; };
		DD10F7B021B78C1B00C20906 /* MovieDetailView.swift */ = {isa = PBXFileReference; lastKnownFileType = sourcecode.swift; path = MovieDetailView.swift; sourceTree = "<group>"; };
		DD2BE89221B6952F00B74C28 /* Trevin-Test-Project.app */ = {isa = PBXFileReference; explicitFileType = wrapper.application; includeInIndex = 0; path = "Trevin-Test-Project.app"; sourceTree = BUILT_PRODUCTS_DIR; };
		DD2BE89521B6952F00B74C28 /* AppDelegate.swift */ = {isa = PBXFileReference; lastKnownFileType = sourcecode.swift; path = AppDelegate.swift; sourceTree = "<group>"; };
		DD2BE89C21B6953200B74C28 /* Assets.xcassets */ = {isa = PBXFileReference; lastKnownFileType = folder.assetcatalog; path = Assets.xcassets; sourceTree = "<group>"; };
		DD2BE89F21B6953200B74C28 /* Base */ = {isa = PBXFileReference; lastKnownFileType = file.storyboard; name = Base; path = Base.lproj/LaunchScreen.storyboard; sourceTree = "<group>"; };
		DD2BE8A121B6953200B74C28 /* Info.plist */ = {isa = PBXFileReference; lastKnownFileType = text.plist.xml; path = Info.plist; sourceTree = "<group>"; };
		DD2BE8A621B6953200B74C28 /* Trevin-Test-ProjectTests.xctest */ = {isa = PBXFileReference; explicitFileType = wrapper.cfbundle; includeInIndex = 0; path = "Trevin-Test-ProjectTests.xctest"; sourceTree = BUILT_PRODUCTS_DIR; };
		DD2BE8AA21B6953200B74C28 /* Trevin_Test_ProjectTests.swift */ = {isa = PBXFileReference; lastKnownFileType = sourcecode.swift; path = Trevin_Test_ProjectTests.swift; sourceTree = "<group>"; };
		DD2BE8AC21B6953200B74C28 /* Info.plist */ = {isa = PBXFileReference; lastKnownFileType = text.plist.xml; path = Info.plist; sourceTree = "<group>"; };
		DD2BE8B121B6953200B74C28 /* Trevin-Test-ProjectUITests.xctest */ = {isa = PBXFileReference; explicitFileType = wrapper.cfbundle; includeInIndex = 0; path = "Trevin-Test-ProjectUITests.xctest"; sourceTree = BUILT_PRODUCTS_DIR; };
		DD2BE8C321B6A1DE00B74C28 /* MoviesViewController.swift */ = {isa = PBXFileReference; lastKnownFileType = sourcecode.swift; path = MoviesViewController.swift; sourceTree = "<group>"; };
		DD2BE8C621B6A22300B74C28 /* MovieViewModel.swift */ = {isa = PBXFileReference; lastKnownFileType = sourcecode.swift; path = MovieViewModel.swift; sourceTree = "<group>"; };
		DD2BE8C921B6B02B00B74C28 /* Router.swift */ = {isa = PBXFileReference; fileEncoding = 4; lastKnownFileType = sourcecode.swift; path = Router.swift; sourceTree = "<group>"; };
		DD2BE8CC21B6C5E900B74C28 /* MovieDetailViewController.swift */ = {isa = PBXFileReference; lastKnownFileType = sourcecode.swift; path = MovieDetailViewController.swift; sourceTree = "<group>"; };
		DD2BE8CE21B6C60C00B74C28 /* MovieCell.swift */ = {isa = PBXFileReference; lastKnownFileType = sourcecode.swift; path = MovieCell.swift; sourceTree = "<group>"; };
		DD2BE8D121B6CDE000B74C28 /* UIViewExtensions.swift */ = {isa = PBXFileReference; fileEncoding = 4; lastKnownFileType = sourcecode.swift; path = UIViewExtensions.swift; sourceTree = "<group>"; };
		DD2BE8D421B6CE4D00B74C28 /* UIEdgeInsetsExtensions.swift */ = {isa = PBXFileReference; fileEncoding = 4; lastKnownFileType = sourcecode.swift; path = UIEdgeInsetsExtensions.swift; sourceTree = "<group>"; };
		DD2BE8D621B6CED100B74C28 /* UICollectionViewExtensions.swift */ = {isa = PBXFileReference; fileEncoding = 4; lastKnownFileType = sourcecode.swift; path = UICollectionViewExtensions.swift; sourceTree = "<group>"; };
		DD2BE8DA21B73CD900B74C28 /* NetworkService.swift */ = {isa = PBXFileReference; fileEncoding = 4; lastKnownFileType = sourcecode.swift; path = NetworkService.swift; sourceTree = "<group>"; };
		DD2BE8DC21B7417800B74C28 /* Callbacks.swift */ = {isa = PBXFileReference; fileEncoding = 4; lastKnownFileType = sourcecode.swift; path = Callbacks.swift; sourceTree = "<group>"; };
		DD2BE8DF21B74F4700B74C28 /* UIColorExtensions.swift */ = {isa = PBXFileReference; fileEncoding = 4; lastKnownFileType = sourcecode.swift; path = UIColorExtensions.swift; sourceTree = "<group>"; };
		DD2BE8E121B7685700B74C28 /* Reachability.swift */ = {isa = PBXFileReference; lastKnownFileType = sourcecode.swift; path = Reachability.swift; sourceTree = "<group>"; };
		DDF66A79D66252F6E022FD4D /* Pods_Trevin_Test_ProjectTests.framework */ = {isa = PBXFileReference; explicitFileType = wrapper.framework; includeInIndex = 0; path = Pods_Trevin_Test_ProjectTests.framework; sourceTree = BUILT_PRODUCTS_DIR; };
		F2293D6B4D64350ACEABF183 /* Pods-Trevin-Test-Project.debug.xcconfig */ = {isa = PBXFileReference; includeInIndex = 1; lastKnownFileType = text.xcconfig; name = "Pods-Trevin-Test-Project.debug.xcconfig"; path = "Pods/Target Support Files/Pods-Trevin-Test-Project/Pods-Trevin-Test-Project.debug.xcconfig"; sourceTree = "<group>"; };
/* End PBXFileReference section */

/* Begin PBXFrameworksBuildPhase section */
		DD2BE88F21B6952F00B74C28 /* Frameworks */ = {
			isa = PBXFrameworksBuildPhase;
			buildActionMask = 2147483647;
			files = (
				B842BFF668805F9EBDFDEE09 /* Pods_Trevin_Test_Project.framework in Frameworks */,
			);
			runOnlyForDeploymentPostprocessing = 0;
		};
		DD2BE8A321B6953200B74C28 /* Frameworks */ = {
			isa = PBXFrameworksBuildPhase;
			buildActionMask = 2147483647;
			files = (
				C3A1CC945625231F94C70FA2 /* Pods_Trevin_Test_ProjectTests.framework in Frameworks */,
			);
			runOnlyForDeploymentPostprocessing = 0;
		};
		DD2BE8AE21B6953200B74C28 /* Frameworks */ = {
			isa = PBXFrameworksBuildPhase;
			buildActionMask = 2147483647;
			files = (
			);
			runOnlyForDeploymentPostprocessing = 0;
		};
/* End PBXFrameworksBuildPhase section */

/* Begin PBXGroup section */
		082EA2482F1D22B0ACF6D294 /* Frameworks */ = {
			isa = PBXGroup;
			children = (
				510525829AA2F70A02916FEB /* Pods_Trevin_Test_Project.framework */,
				DDF66A79D66252F6E022FD4D /* Pods_Trevin_Test_ProjectTests.framework */,
			);
			name = Frameworks;
			sourceTree = "<group>";
		};
		DD10F7B221B7A17600C20906 /* Cells */ = {
			isa = PBXGroup;
			children = (
				DD2BE8CE21B6C60C00B74C28 /* MovieCell.swift */,
			);
			path = Cells;
			sourceTree = "<group>";
		};
		DD2BE88921B6952F00B74C28 = {
			isa = PBXGroup;
			children = (
				DD2BE89421B6952F00B74C28 /* Trevin-Test-Project */,
				DD2BE8A921B6953200B74C28 /* Trevin-Test-ProjectTests */,
				DD2BE89321B6952F00B74C28 /* Products */,
				E08ECA2E43AE5CA6020430CB /* Pods */,
				082EA2482F1D22B0ACF6D294 /* Frameworks */,
			);
			sourceTree = "<group>";
		};
		DD2BE89321B6952F00B74C28 /* Products */ = {
			isa = PBXGroup;
			children = (
				DD2BE89221B6952F00B74C28 /* Trevin-Test-Project.app */,
				DD2BE8A621B6953200B74C28 /* Trevin-Test-ProjectTests.xctest */,
				DD2BE8B121B6953200B74C28 /* Trevin-Test-ProjectUITests.xctest */,
			);
			name = Products;
			sourceTree = "<group>";
		};
		DD2BE89421B6952F00B74C28 /* Trevin-Test-Project */ = {
			isa = PBXGroup;
			children = (
				DD2BE89521B6952F00B74C28 /* AppDelegate.swift */,
				DD2BE8C521B6A1E500B74C28 /* Controllers */,
				DD2BE8C821B6A22800B74C28 /* ViewModel */,
				DD2BE8D021B6C60F00B74C28 /* Views */,
				DD2BE8CB21B6B02E00B74C28 /* Networking */,
				DD2BE8DE21B7417C00B74C28 /* Helpers */,
				DD2BE8D321B6CDEB00B74C28 /* Extensions */,
				DD2BE89C21B6953200B74C28 /* Assets.xcassets */,
				DD2BE89E21B6953200B74C28 /* LaunchScreen.storyboard */,
				DD2BE8A121B6953200B74C28 /* Info.plist */,
			);
			path = "Trevin-Test-Project";
			sourceTree = "<group>";
		};
		DD2BE8A921B6953200B74C28 /* Trevin-Test-ProjectTests */ = {
			isa = PBXGroup;
			children = (
				DD2BE8AA21B6953200B74C28 /* Trevin_Test_ProjectTests.swift */,
				DD2BE8AC21B6953200B74C28 /* Info.plist */,
			);
			path = "Trevin-Test-ProjectTests";
			sourceTree = "<group>";
		};
		DD2BE8C521B6A1E500B74C28 /* Controllers */ = {
			isa = PBXGroup;
			children = (
				DD2BE8C321B6A1DE00B74C28 /* MoviesViewController.swift */,
				DD2BE8CC21B6C5E900B74C28 /* MovieDetailViewController.swift */,
				DD10F7AE21B7797200C20906 /* SearchViewController.swift */,
			);
			path = Controllers;
			sourceTree = "<group>";
		};
		DD2BE8C821B6A22800B74C28 /* ViewModel */ = {
			isa = PBXGroup;
			children = (
				DD2BE8C621B6A22300B74C28 /* MovieViewModel.swift */,
			);
			path = ViewModel;
			sourceTree = "<group>";
		};
		DD2BE8CB21B6B02E00B74C28 /* Networking */ = {
			isa = PBXGroup;
			children = (
				DD2BE8DA21B73CD900B74C28 /* NetworkService.swift */,
				DD2BE8C921B6B02B00B74C28 /* Router.swift */,
			);
			path = Networking;
			sourceTree = "<group>";
		};
		DD2BE8D021B6C60F00B74C28 /* Views */ = {
			isa = PBXGroup;
			children = (
				DD10F7B021B78C1B00C20906 /* MovieDetailView.swift */,
				DD10F7B221B7A17600C20906 /* Cells */,
			);
			path = Views;
			sourceTree = "<group>";
		};
		DD2BE8D321B6CDEB00B74C28 /* Extensions */ = {
			isa = PBXGroup;
			children = (
				DD2BE8D121B6CDE000B74C28 /* UIViewExtensions.swift */,
				DD2BE8D421B6CE4D00B74C28 /* UIEdgeInsetsExtensions.swift */,
				DD2BE8D621B6CED100B74C28 /* UICollectionViewExtensions.swift */,
				DD2BE8DF21B74F4700B74C28 /* UIColorExtensions.swift */,
			);
			path = Extensions;
			sourceTree = "<group>";
		};
		DD2BE8DE21B7417C00B74C28 /* Helpers */ = {
			isa = PBXGroup;
			children = (
				DD2BE8DC21B7417800B74C28 /* Callbacks.swift */,
				DD2BE8E121B7685700B74C28 /* Reachability.swift */,
			);
			path = Helpers;
			sourceTree = "<group>";
		};
		E08ECA2E43AE5CA6020430CB /* Pods */ = {
			isa = PBXGroup;
			children = (
				F2293D6B4D64350ACEABF183 /* Pods-Trevin-Test-Project.debug.xcconfig */,
				BB16C18B2FB4AE3210EC47AF /* Pods-Trevin-Test-Project.release.xcconfig */,
				386A2F602EB41B3B7704A970 /* Pods-Trevin-Test-ProjectTests.debug.xcconfig */,
				8A5F1536D4D31DBBFB4E417A /* Pods-Trevin-Test-ProjectTests.release.xcconfig */,
			);
			name = Pods;
			sourceTree = "<group>";
		};
/* End PBXGroup section */

/* Begin PBXNativeTarget section */
		DD2BE89121B6952F00B74C28 /* Trevin-Test-Project */ = {
			isa = PBXNativeTarget;
			buildConfigurationList = DD2BE8BA21B6953200B74C28 /* Build configuration list for PBXNativeTarget "Trevin-Test-Project" */;
			buildPhases = (
				8203B2C3B9ACD3FD5660155B /* [CP] Check Pods Manifest.lock */,
				DD2BE88E21B6952F00B74C28 /* Sources */,
				DD2BE88F21B6952F00B74C28 /* Frameworks */,
				DD2BE89021B6952F00B74C28 /* Resources */,
				7A880DDE27A3C88DCB2B7DC7 /* [CP] Embed Pods Frameworks */,
			);
			buildRules = (
			);
			dependencies = (
			);
			name = "Trevin-Test-Project";
			productName = "Trevin-Test-Project";
			productReference = DD2BE89221B6952F00B74C28 /* Trevin-Test-Project.app */;
			productType = "com.apple.product-type.application";
		};
		DD2BE8A521B6953200B74C28 /* Trevin-Test-ProjectTests */ = {
			isa = PBXNativeTarget;
			buildConfigurationList = DD2BE8BD21B6953200B74C28 /* Build configuration list for PBXNativeTarget "Trevin-Test-ProjectTests" */;
			buildPhases = (
				403F4830DA173AD5DACAA27C /* [CP] Check Pods Manifest.lock */,
				DD2BE8A221B6953200B74C28 /* Sources */,
				DD2BE8A321B6953200B74C28 /* Frameworks */,
				DD2BE8A421B6953200B74C28 /* Resources */,
			);
			buildRules = (
			);
			dependencies = (
				DD2BE8A821B6953200B74C28 /* PBXTargetDependency */,
			);
			name = "Trevin-Test-ProjectTests";
			productName = "Trevin-Test-ProjectTests";
			productReference = DD2BE8A621B6953200B74C28 /* Trevin-Test-ProjectTests.xctest */;
			productType = "com.apple.product-type.bundle.unit-test";
		};
		DD2BE8B021B6953200B74C28 /* Trevin-Test-ProjectUITests */ = {
			isa = PBXNativeTarget;
			buildConfigurationList = DD2BE8C021B6953200B74C28 /* Build configuration list for PBXNativeTarget "Trevin-Test-ProjectUITests" */;
			buildPhases = (
				DD2BE8AD21B6953200B74C28 /* Sources */,
				DD2BE8AE21B6953200B74C28 /* Frameworks */,
				DD2BE8AF21B6953200B74C28 /* Resources */,
			);
			buildRules = (
			);
			dependencies = (
				DD2BE8B321B6953200B74C28 /* PBXTargetDependency */,
			);
			name = "Trevin-Test-ProjectUITests";
			productName = "Trevin-Test-ProjectUITests";
			productReference = DD2BE8B121B6953200B74C28 /* Trevin-Test-ProjectUITests.xctest */;
			productType = "com.apple.product-type.bundle.ui-testing";
		};
/* End PBXNativeTarget section */

/* Begin PBXProject section */
		DD2BE88A21B6952F00B74C28 /* Project object */ = {
			isa = PBXProject;
			attributes = {
				LastSwiftUpdateCheck = 1010;
				LastUpgradeCheck = 1010;
				ORGANIZATIONNAME = "Trevin Wisaksana";
				TargetAttributes = {
					DD2BE89121B6952F00B74C28 = {
						CreatedOnToolsVersion = 10.1;
					};
					DD2BE8A521B6953200B74C28 = {
						CreatedOnToolsVersion = 10.1;
						TestTargetID = DD2BE89121B6952F00B74C28;
					};
					DD2BE8B021B6953200B74C28 = {
						CreatedOnToolsVersion = 10.1;
						TestTargetID = DD2BE89121B6952F00B74C28;
					};
				};
			};
			buildConfigurationList = DD2BE88D21B6952F00B74C28 /* Build configuration list for PBXProject "Trevin-Test-Project" */;
			compatibilityVersion = "Xcode 9.3";
			developmentRegion = en;
			hasScannedForEncodings = 0;
			knownRegions = (
				en,
				Base,
			);
			mainGroup = DD2BE88921B6952F00B74C28;
			productRefGroup = DD2BE89321B6952F00B74C28 /* Products */;
			projectDirPath = "";
			projectRoot = "";
			targets = (
				DD2BE89121B6952F00B74C28 /* Trevin-Test-Project */,
				DD2BE8A521B6953200B74C28 /* Trevin-Test-ProjectTests */,
				DD2BE8B021B6953200B74C28 /* Trevin-Test-ProjectUITests */,
			);
		};
/* End PBXProject section */

/* Begin PBXResourcesBuildPhase section */
		DD2BE89021B6952F00B74C28 /* Resources */ = {
			isa = PBXResourcesBuildPhase;
			buildActionMask = 2147483647;
			files = (
				DD2BE8A021B6953200B74C28 /* LaunchScreen.storyboard in Resources */,
				DD2BE89D21B6953200B74C28 /* Assets.xcassets in Resources */,
			);
			runOnlyForDeploymentPostprocessing = 0;
		};
		DD2BE8A421B6953200B74C28 /* Resources */ = {
			isa = PBXResourcesBuildPhase;
			buildActionMask = 2147483647;
			files = (
			);
			runOnlyForDeploymentPostprocessing = 0;
		};
		DD2BE8AF21B6953200B74C28 /* Resources */ = {
			isa = PBXResourcesBuildPhase;
			buildActionMask = 2147483647;
			files = (
			);
			runOnlyForDeploymentPostprocessing = 0;
		};
/* End PBXResourcesBuildPhase section */

/* Begin PBXShellScriptBuildPhase section */
		403F4830DA173AD5DACAA27C /* [CP] Check Pods Manifest.lock */ = {
			isa = PBXShellScriptBuildPhase;
			buildActionMask = 2147483647;
			files = (
			);
			inputFileListPaths = (
			);
			inputPaths = (
				"${PODS_PODFILE_DIR_PATH}/Podfile.lock",
				"${PODS_ROOT}/Manifest.lock",
			);
			name = "[CP] Check Pods Manifest.lock";
			outputFileListPaths = (
			);
			outputPaths = (
				"$(DERIVED_FILE_DIR)/Pods-Trevin-Test-ProjectTests-checkManifestLockResult.txt",
			);
			runOnlyForDeploymentPostprocessing = 0;
			shellPath = /bin/sh;
			shellScript = "diff \"${PODS_PODFILE_DIR_PATH}/Podfile.lock\" \"${PODS_ROOT}/Manifest.lock\" > /dev/null\nif [ $? != 0 ] ; then\n    # print error to STDERR\n    echo \"error: The sandbox is not in sync with the Podfile.lock. Run 'pod install' or update your CocoaPods installation.\" >&2\n    exit 1\nfi\n# This output is used by Xcode 'outputs' to avoid re-running this script phase.\necho \"SUCCESS\" > \"${SCRIPT_OUTPUT_FILE_0}\"\n";
			showEnvVarsInLog = 0;
		};
		7A880DDE27A3C88DCB2B7DC7 /* [CP] Embed Pods Frameworks */ = {
			isa = PBXShellScriptBuildPhase;
			buildActionMask = 2147483647;
			files = (
			);
			inputFileListPaths = (
			);
			inputPaths = (
				"${SRCROOT}/Pods/Target Support Files/Pods-Trevin-Test-Project/Pods-Trevin-Test-Project-frameworks.sh",
				"${BUILT_PRODUCTS_DIR}/Alamofire/Alamofire.framework",
				"${BUILT_PRODUCTS_DIR}/Kingfisher/Kingfisher.framework",
				"${BUILT_PRODUCTS_DIR}/SwiftyJSON/SwiftyJSON.framework",
			);
			name = "[CP] Embed Pods Frameworks";
			outputFileListPaths = (
			);
			outputPaths = (
				"${TARGET_BUILD_DIR}/${FRAMEWORKS_FOLDER_PATH}/Alamofire.framework",
				"${TARGET_BUILD_DIR}/${FRAMEWORKS_FOLDER_PATH}/Kingfisher.framework",
				"${TARGET_BUILD_DIR}/${FRAMEWORKS_FOLDER_PATH}/SwiftyJSON.framework",
			);
			runOnlyForDeploymentPostprocessing = 0;
			shellPath = /bin/sh;
			shellScript = "\"${SRCROOT}/Pods/Target Support Files/Pods-Trevin-Test-Project/Pods-Trevin-Test-Project-frameworks.sh\"\n";
			showEnvVarsInLog = 0;
		};
		8203B2C3B9ACD3FD5660155B /* [CP] Check Pods Manifest.lock */ = {
			isa = PBXShellScriptBuildPhase;
			buildActionMask = 2147483647;
			files = (
			);
			inputFileListPaths = (
			);
			inputPaths = (
				"${PODS_PODFILE_DIR_PATH}/Podfile.lock",
				"${PODS_ROOT}/Manifest.lock",
			);
			name = "[CP] Check Pods Manifest.lock";
			outputFileListPaths = (
			);
			outputPaths = (
				"$(DERIVED_FILE_DIR)/Pods-Trevin-Test-Project-checkManifestLockResult.txt",
			);
			runOnlyForDeploymentPostprocessing = 0;
			shellPath = /bin/sh;
			shellScript = "diff \"${PODS_PODFILE_DIR_PATH}/Podfile.lock\" \"${PODS_ROOT}/Manifest.lock\" > /dev/null\nif [ $? != 0 ] ; then\n    # print error to STDERR\n    echo \"error: The sandbox is not in sync with the Podfile.lock. Run 'pod install' or update your CocoaPods installation.\" >&2\n    exit 1\nfi\n# This output is used by Xcode 'outputs' to avoid re-running this script phase.\necho \"SUCCESS\" > \"${SCRIPT_OUTPUT_FILE_0}\"\n";
			showEnvVarsInLog = 0;
		};
/* End PBXShellScriptBuildPhase section */

/* Begin PBXSourcesBuildPhase section */
		DD2BE88E21B6952F00B74C28 /* Sources */ = {
			isa = PBXSourcesBuildPhase;
			buildActionMask = 2147483647;
			files = (
				DD10F7B121B78C1B00C20906 /* MovieDetailView.swift in Sources */,
				DD2BE8E221B7685700B74C28 /* Reachability.swift in Sources */,
				DD2BE8D521B6CE4D00B74C28 /* UIEdgeInsetsExtensions.swift in Sources */,
				DD2BE8CA21B6B02B00B74C28 /* Router.swift in Sources */,
				DD2BE8E021B74F4700B74C28 /* UIColorExtensions.swift in Sources */,
				DD2BE8DD21B7417800B74C28 /* Callbacks.swift in Sources */,
				DD2BE8D221B6CDE000B74C28 /* UIViewExtensions.swift in Sources */,
				DD2BE8DB21B73CDA00B74C28 /* NetworkService.swift in Sources */,
				DD2BE8CD21B6C5E900B74C28 /* MovieDetailViewController.swift in Sources */,
				DD10F7AF21B7797200C20906 /* SearchViewController.swift in Sources */,
				DD2BE8D721B6CED100B74C28 /* UICollectionViewExtensions.swift in Sources */,
				DD2BE8CF21B6C60C00B74C28 /* MovieCell.swift in Sources */,
				DD2BE89621B6952F00B74C28 /* AppDelegate.swift in Sources */,
				DD2BE8C721B6A22300B74C28 /* MovieViewModel.swift in Sources */,
				DD2BE8C421B6A1DE00B74C28 /* MoviesViewController.swift in Sources */,
			);
			runOnlyForDeploymentPostprocessing = 0;
		};
		DD2BE8A221B6953200B74C28 /* Sources */ = {
			isa = PBXSourcesBuildPhase;
			buildActionMask = 2147483647;
			files = (
				DD2BE8AB21B6953200B74C28 /* Trevin_Test_ProjectTests.swift in Sources */,
			);
			runOnlyForDeploymentPostprocessing = 0;
		};
		DD2BE8AD21B6953200B74C28 /* Sources */ = {
			isa = PBXSourcesBuildPhase;
			buildActionMask = 2147483647;
			files = (
			);
			runOnlyForDeploymentPostprocessing = 0;
		};
/* End PBXSourcesBuildPhase section */

/* Begin PBXTargetDependency section */
		DD2BE8A821B6953200B74C28 /* PBXTargetDependency */ = {
			isa = PBXTargetDependency;
			target = DD2BE89121B6952F00B74C28 /* Trevin-Test-Project */;
			targetProxy = DD2BE8A721B6953200B74C28 /* PBXContainerItemProxy */;
		};
		DD2BE8B321B6953200B74C28 /* PBXTargetDependency */ = {
			isa = PBXTargetDependency;
			target = DD2BE89121B6952F00B74C28 /* Trevin-Test-Project */;
			targetProxy = DD2BE8B221B6953200B74C28 /* PBXContainerItemProxy */;
		};
/* End PBXTargetDependency section */

/* Begin PBXVariantGroup section */
		DD2BE89E21B6953200B74C28 /* LaunchScreen.storyboard */ = {
			isa = PBXVariantGroup;
			children = (
				DD2BE89F21B6953200B74C28 /* Base */,
			);
			name = LaunchScreen.storyboard;
			sourceTree = "<group>";
		};
/* End PBXVariantGroup section */

/* Begin XCBuildConfiguration section */
		DD2BE8B821B6953200B74C28 /* Debug */ = {
			isa = XCBuildConfiguration;
			buildSettings = {
				ALWAYS_SEARCH_USER_PATHS = NO;
				CLANG_ANALYZER_NONNULL = YES;
				CLANG_ANALYZER_NUMBER_OBJECT_CONVERSION = YES_AGGRESSIVE;
				CLANG_CXX_LANGUAGE_STANDARD = "gnu++14";
				CLANG_CXX_LIBRARY = "libc++";
				CLANG_ENABLE_MODULES = YES;
				CLANG_ENABLE_OBJC_ARC = YES;
				CLANG_ENABLE_OBJC_WEAK = YES;
				CLANG_WARN_BLOCK_CAPTURE_AUTORELEASING = YES;
				CLANG_WARN_BOOL_CONVERSION = YES;
				CLANG_WARN_COMMA = YES;
				CLANG_WARN_CONSTANT_CONVERSION = YES;
				CLANG_WARN_DEPRECATED_OBJC_IMPLEMENTATIONS = YES;
				CLANG_WARN_DIRECT_OBJC_ISA_USAGE = YES_ERROR;
				CLANG_WARN_DOCUMENTATION_COMMENTS = YES;
				CLANG_WARN_EMPTY_BODY = YES;
				CLANG_WARN_ENUM_CONVERSION = YES;
				CLANG_WARN_INFINITE_RECURSION = YES;
				CLANG_WARN_INT_CONVERSION = YES;
				CLANG_WARN_NON_LITERAL_NULL_CONVERSION = YES;
				CLANG_WARN_OBJC_IMPLICIT_RETAIN_SELF = YES;
				CLANG_WARN_OBJC_LITERAL_CONVERSION = YES;
				CLANG_WARN_OBJC_ROOT_CLASS = YES_ERROR;
				CLANG_WARN_RANGE_LOOP_ANALYSIS = YES;
				CLANG_WARN_STRICT_PROTOTYPES = YES;
				CLANG_WARN_SUSPICIOUS_MOVE = YES;
				CLANG_WARN_UNGUARDED_AVAILABILITY = YES_AGGRESSIVE;
				CLANG_WARN_UNREACHABLE_CODE = YES;
				CLANG_WARN__DUPLICATE_METHOD_MATCH = YES;
				CODE_SIGN_IDENTITY = "iPhone Developer";
				COPY_PHASE_STRIP = NO;
				DEBUG_INFORMATION_FORMAT = dwarf;
				ENABLE_STRICT_OBJC_MSGSEND = YES;
				ENABLE_TESTABILITY = YES;
				GCC_C_LANGUAGE_STANDARD = gnu11;
				GCC_DYNAMIC_NO_PIC = NO;
				GCC_NO_COMMON_BLOCKS = YES;
				GCC_OPTIMIZATION_LEVEL = 0;
				GCC_PREPROCESSOR_DEFINITIONS = (
					"DEBUG=1",
					"$(inherited)",
				);
				GCC_WARN_64_TO_32_BIT_CONVERSION = YES;
				GCC_WARN_ABOUT_RETURN_TYPE = YES_ERROR;
				GCC_WARN_UNDECLARED_SELECTOR = YES;
				GCC_WARN_UNINITIALIZED_AUTOS = YES_AGGRESSIVE;
				GCC_WARN_UNUSED_FUNCTION = YES;
				GCC_WARN_UNUSED_VARIABLE = YES;
				IPHONEOS_DEPLOYMENT_TARGET = 12.1;
				MTL_ENABLE_DEBUG_INFO = INCLUDE_SOURCE;
				MTL_FAST_MATH = YES;
				ONLY_ACTIVE_ARCH = YES;
				SDKROOT = iphoneos;
				SWIFT_ACTIVE_COMPILATION_CONDITIONS = DEBUG;
				SWIFT_OPTIMIZATION_LEVEL = "-Onone";
			};
			name = Debug;
		};
		DD2BE8B921B6953200B74C28 /* Release */ = {
			isa = XCBuildConfiguration;
			buildSettings = {
				ALWAYS_SEARCH_USER_PATHS = NO;
				CLANG_ANALYZER_NONNULL = YES;
				CLANG_ANALYZER_NUMBER_OBJECT_CONVERSION = YES_AGGRESSIVE;
				CLANG_CXX_LANGUAGE_STANDARD = "gnu++14";
				CLANG_CXX_LIBRARY = "libc++";
				CLANG_ENABLE_MODULES = YES;
				CLANG_ENABLE_OBJC_ARC = YES;
				CLANG_ENABLE_OBJC_WEAK = YES;
				CLANG_WARN_BLOCK_CAPTURE_AUTORELEASING = YES;
				CLANG_WARN_BOOL_CONVERSION = YES;
				CLANG_WARN_COMMA = YES;
				CLANG_WARN_CONSTANT_CONVERSION = YES;
				CLANG_WARN_DEPRECATED_OBJC_IMPLEMENTATIONS = YES;
				CLANG_WARN_DIRECT_OBJC_ISA_USAGE = YES_ERROR;
				CLANG_WARN_DOCUMENTATION_COMMENTS = YES;
				CLANG_WARN_EMPTY_BODY = YES;
				CLANG_WARN_ENUM_CONVERSION = YES;
				CLANG_WARN_INFINITE_RECURSION = YES;
				CLANG_WARN_INT_CONVERSION = YES;
				CLANG_WARN_NON_LITERAL_NULL_CONVERSION = YES;
				CLANG_WARN_OBJC_IMPLICIT_RETAIN_SELF = YES;
				CLANG_WARN_OBJC_LITERAL_CONVERSION = YES;
				CLANG_WARN_OBJC_ROOT_CLASS = YES_ERROR;
				CLANG_WARN_RANGE_LOOP_ANALYSIS = YES;
				CLANG_WARN_STRICT_PROTOTYPES = YES;
				CLANG_WARN_SUSPICIOUS_MOVE = YES;
				CLANG_WARN_UNGUARDED_AVAILABILITY = YES_AGGRESSIVE;
				CLANG_WARN_UNREACHABLE_CODE = YES;
				CLANG_WARN__DUPLICATE_METHOD_MATCH = YES;
				CODE_SIGN_IDENTITY = "iPhone Developer";
				COPY_PHASE_STRIP = NO;
				DEBUG_INFORMATION_FORMAT = "dwarf-with-dsym";
				ENABLE_NS_ASSERTIONS = NO;
				ENABLE_STRICT_OBJC_MSGSEND = YES;
				GCC_C_LANGUAGE_STANDARD = gnu11;
				GCC_NO_COMMON_BLOCKS = YES;
				GCC_WARN_64_TO_32_BIT_CONVERSION = YES;
				GCC_WARN_ABOUT_RETURN_TYPE = YES_ERROR;
				GCC_WARN_UNDECLARED_SELECTOR = YES;
				GCC_WARN_UNINITIALIZED_AUTOS = YES_AGGRESSIVE;
				GCC_WARN_UNUSED_FUNCTION = YES;
				GCC_WARN_UNUSED_VARIABLE = YES;
				IPHONEOS_DEPLOYMENT_TARGET = 12.1;
				MTL_ENABLE_DEBUG_INFO = NO;
				MTL_FAST_MATH = YES;
				SDKROOT = iphoneos;
				SWIFT_COMPILATION_MODE = wholemodule;
				SWIFT_OPTIMIZATION_LEVEL = "-O";
				VALIDATE_PRODUCT = YES;
			};
			name = Release;
		};
		DD2BE8BB21B6953200B74C28 /* Debug */ = {
			isa = XCBuildConfiguration;
			baseConfigurationReference = F2293D6B4D64350ACEABF183 /* Pods-Trevin-Test-Project.debug.xcconfig */;
			buildSettings = {
				ASSETCATALOG_COMPILER_APPICON_NAME = AppIcon;
				CODE_SIGN_STYLE = Automatic;
				DEVELOPMENT_TEAM = 9ME882KZTA;
				INFOPLIST_FILE = "Trevin-Test-Project/Info.plist";
				LD_RUNPATH_SEARCH_PATHS = (
					"$(inherited)",
					"@executable_path/Frameworks",
				);
				PRODUCT_BUNDLE_IDENTIFIER = "com.twisaksana.Trevin-Test-Project";
				PRODUCT_NAME = "$(TARGET_NAME)";
				SWIFT_VERSION = 4.2;
				TARGETED_DEVICE_FAMILY = 1;
			};
			name = Debug;
		};
		DD2BE8BC21B6953200B74C28 /* Release */ = {
			isa = XCBuildConfiguration;
			baseConfigurationReference = BB16C18B2FB4AE3210EC47AF /* Pods-Trevin-Test-Project.release.xcconfig */;
			buildSettings = {
				ASSETCATALOG_COMPILER_APPICON_NAME = AppIcon;
				CODE_SIGN_STYLE = Automatic;
				DEVELOPMENT_TEAM = 9ME882KZTA;
				INFOPLIST_FILE = "Trevin-Test-Project/Info.plist";
				LD_RUNPATH_SEARCH_PATHS = (
					"$(inherited)",
					"@executable_path/Frameworks",
				);
				PRODUCT_BUNDLE_IDENTIFIER = "com.twisaksana.Trevin-Test-Project";
				PRODUCT_NAME = "$(TARGET_NAME)";
				SWIFT_VERSION = 4.2;
				TARGETED_DEVICE_FAMILY = 1;
			};
			name = Release;
		};
		DD2BE8BE21B6953200B74C28 /* Debug */ = {
			isa = XCBuildConfiguration;
			baseConfigurationReference = 386A2F602EB41B3B7704A970 /* Pods-Trevin-Test-ProjectTests.debug.xcconfig */;
			buildSettings = {
				ALWAYS_EMBED_SWIFT_STANDARD_LIBRARIES = YES;
				BUNDLE_LOADER = "$(TEST_HOST)";
				CODE_SIGN_STYLE = Automatic;
				DEVELOPMENT_TEAM = 9ME882KZTA;
				INFOPLIST_FILE = "Trevin-Test-ProjectTests/Info.plist";
				LD_RUNPATH_SEARCH_PATHS = (
					"$(inherited)",
					"@executable_path/Frameworks",
					"@loader_path/Frameworks",
				);
				PRODUCT_BUNDLE_IDENTIFIER = "com.twisaksana.Trevin-Test-ProjectTests";
				PRODUCT_NAME = "$(TARGET_NAME)";
				SWIFT_VERSION = 4.2;
				TARGETED_DEVICE_FAMILY = "1,2";
				TEST_HOST = "$(BUILT_PRODUCTS_DIR)/Trevin-Test-Project.app/Trevin-Test-Project";
			};
			name = Debug;
		};
		DD2BE8BF21B6953200B74C28 /* Release */ = {
			isa = XCBuildConfiguration;
			baseConfigurationReference = 8A5F1536D4D31DBBFB4E417A /* Pods-Trevin-Test-ProjectTests.release.xcconfig */;
			buildSettings = {
				ALWAYS_EMBED_SWIFT_STANDARD_LIBRARIES = YES;
				BUNDLE_LOADER = "$(TEST_HOST)";
				CODE_SIGN_STYLE = Automatic;
				DEVELOPMENT_TEAM = 9ME882KZTA;
				INFOPLIST_FILE = "Trevin-Test-ProjectTests/Info.plist";
				LD_RUNPATH_SEARCH_PATHS = (
					"$(inherited)",
					"@executable_path/Frameworks",
					"@loader_path/Frameworks",
				);
				PRODUCT_BUNDLE_IDENTIFIER = "com.twisaksana.Trevin-Test-ProjectTests";
				PRODUCT_NAME = "$(TARGET_NAME)";
				SWIFT_VERSION = 4.2;
				TARGETED_DEVICE_FAMILY = "1,2";
				TEST_HOST = "$(BUILT_PRODUCTS_DIR)/Trevin-Test-Project.app/Trevin-Test-Project";
			};
			name = Release;
		};
		DD2BE8C121B6953200B74C28 /* Debug */ = {
			isa = XCBuildConfiguration;
			buildSettings = {
				ALWAYS_EMBED_SWIFT_STANDARD_LIBRARIES = YES;
				CODE_SIGN_STYLE = Automatic;
				DEVELOPMENT_TEAM = 9ME882KZTA;
				INFOPLIST_FILE = "Trevin-Test-ProjectUITests/Info.plist";
				LD_RUNPATH_SEARCH_PATHS = (
					"$(inherited)",
					"@executable_path/Frameworks",
					"@loader_path/Frameworks",
				);
				PRODUCT_BUNDLE_IDENTIFIER = "com.twisaksana.Trevin-Test-ProjectUITests";
				PRODUCT_NAME = "$(TARGET_NAME)";
				SWIFT_VERSION = 4.2;
				TARGETED_DEVICE_FAMILY = "1,2";
				TEST_TARGET_NAME = "Trevin-Test-Project";
			};
			name = Debug;
		};
		DD2BE8C221B6953200B74C28 /* Release */ = {
			isa = XCBuildConfiguration;
			buildSettings = {
				ALWAYS_EMBED_SWIFT_STANDARD_LIBRARIES = YES;
				CODE_SIGN_STYLE = Automatic;
				DEVELOPMENT_TEAM = 9ME882KZTA;
				INFOPLIST_FILE = "Trevin-Test-ProjectUITests/Info.plist";
				LD_RUNPATH_SEARCH_PATHS = (
					"$(inherited)",
					"@executable_path/Frameworks",
					"@loader_path/Frameworks",
				);
				PRODUCT_BUNDLE_IDENTIFIER = "com.twisaksana.Trevin-Test-ProjectUITests";
				PRODUCT_NAME = "$(TARGET_NAME)";
				SWIFT_VERSION = 4.2;
				TARGETED_DEVICE_FAMILY = "1,2";
				TEST_TARGET_NAME = "Trevin-Test-Project";
			};
			name = Release;
		};
/* End XCBuildConfiguration section */

/* Begin XCConfigurationList section */
		DD2BE88D21B6952F00B74C28 /* Build configuration list for PBXProject "Trevin-Test-Project" */ = {
			isa = XCConfigurationList;
			buildConfigurations = (
				DD2BE8B821B6953200B74C28 /* Debug */,
				DD2BE8B921B6953200B74C28 /* Release */,
			);
			defaultConfigurationIsVisible = 0;
			defaultConfigurationName = Release;
		};
		DD2BE8BA21B6953200B74C28 /* Build configuration list for PBXNativeTarget "Trevin-Test-Project" */ = {
			isa = XCConfigurationList;
			buildConfigurations = (
				DD2BE8BB21B6953200B74C28 /* Debug */,
				DD2BE8BC21B6953200B74C28 /* Release */,
			);
			defaultConfigurationIsVisible = 0;
			defaultConfigurationName = Release;
		};
		DD2BE8BD21B6953200B74C28 /* Build configuration list for PBXNativeTarget "Trevin-Test-ProjectTests" */ = {
			isa = XCConfigurationList;
			buildConfigurations = (
				DD2BE8BE21B6953200B74C28 /* Debug */,
				DD2BE8BF21B6953200B74C28 /* Release */,
			);
			defaultConfigurationIsVisible = 0;
			defaultConfigurationName = Release;
		};
		DD2BE8C021B6953200B74C28 /* Build configuration list for PBXNativeTarget "Trevin-Test-ProjectUITests" */ = {
			isa = XCConfigurationList;
			buildConfigurations = (
				DD2BE8C121B6953200B74C28 /* Debug */,
				DD2BE8C221B6953200B74C28 /* Release */,
			);
			defaultConfigurationIsVisible = 0;
			defaultConfigurationName = Release;
		};
/* End XCConfigurationList section */
	};
	rootObject = DD2BE88A21B6952F00B74C28 /* Project object */;
}
